// !$*UTF8*$!
{
	archiveVersion = 1;
	classes = {
	};
	objectVersion = 77;
	objects = {

/* Begin PBXBuildFile section */
		100000000000000000000001 /* LiveDoomscrollMVPApp.swift in Sources */ = {isa = PBXBuildFile; fileRef = 100000000000000000000101 /* LiveDoomscrollMVPApp.swift */; };
		100000000000000000000002 /* LiveKitTestConfig.swift in Sources */ = {isa = PBXBuildFile; fileRef = 100000000000000000000102 /* LiveKitTestConfig.swift */; };
		100000000000000000000003 /* RoomTokenProvider.swift in Sources */ = {isa = PBXBuildFile; fileRef = 100000000000000000000103 /* RoomTokenProvider.swift */; };
		100000000000000000000004 /* LiveKitRoomViewModel.swift in Sources */ = {isa = PBXBuildFile; fileRef = 100000000000000000000104 /* LiveKitRoomViewModel.swift */; };
		100000000000000000000005 /* ParticipantVideoView.swift in Sources */ = {isa = PBXBuildFile; fileRef = 100000000000000000000105 /* ParticipantVideoView.swift */; };
		100000000000000000000006 /* ScreenShareView.swift in Sources */ = {isa = PBXBuildFile; fileRef = 100000000000000000000106 /* ScreenShareView.swift */; };
		100000000000000000000007 /* CameraBubbleView.swift in Sources */ = {isa = PBXBuildFile; fileRef = 100000000000000000000107 /* CameraBubbleView.swift */; };
		100000000000000000000008 /* CallControlsView.swift in Sources */ = {isa = PBXBuildFile; fileRef = 100000000000000000000108 /* CallControlsView.swift */; };
		100000000000000000000009 /* CallRoomView.swift in Sources */ = {isa = PBXBuildFile; fileRef = 100000000000000000000109 /* CallRoomView.swift */; };
		10000000000000000000000A /* Assets.xcassets in Resources */ = {isa = PBXBuildFile; fileRef = 10000000000000000000010B /* Assets.xcassets */; };
		10000000000000000000000B /* LiveKit in Frameworks */ = {isa = PBXBuildFile; productRef = 100000000000000000000301 /* LiveKit */; };
/* End PBXBuildFile section */

/* Begin PBXFileReference section */
		100000000000000000000020 /* LiveDoomscrollMVP.app */ = {isa = PBXFileReference; explicitFileType = wrapper.application; includeInIndex = 0; path = LiveDoomscrollMVP.app; sourceTree = BUILT_PRODUCTS_DIR; };
		100000000000000000000101 /* LiveDoomscrollMVPApp.swift */ = {isa = PBXFileReference; lastKnownFileType = sourcecode.swift; path = LiveDoomscrollMVPApp.swift; sourceTree = "<group>"; };
		100000000000000000000102 /* LiveKitTestConfig.swift */ = {isa = PBXFileReference; lastKnownFileType = sourcecode.swift; path = LiveKitTestConfig.swift; sourceTree = "<group>"; };
		100000000000000000000103 /* RoomTokenProvider.swift */ = {isa = PBXFileReference; lastKnownFileType = sourcecode.swift; path = RoomTokenProvider.swift; sourceTree = "<group>"; };
		100000000000000000000104 /* LiveKitRoomViewModel.swift */ = {isa = PBXFileReference; lastKnownFileType = sourcecode.swift; path = LiveKitRoomViewModel.swift; sourceTree = "<group>"; };
		100000000000000000000105 /* ParticipantVideoView.swift */ = {isa = PBXFileReference; lastKnownFileType = sourcecode.swift; path = ParticipantVideoView.swift; sourceTree = "<group>"; };
		100000000000000000000106 /* ScreenShareView.swift */ = {isa = PBXFileReference; lastKnownFileType = sourcecode.swift; path = ScreenShareView.swift; sourceTree = "<group>"; };
		100000000000000000000107 /* CameraBubbleView.swift */ = {isa = PBXFileReference; lastKnownFileType = sourcecode.swift; path = CameraBubbleView.swift; sourceTree = "<group>"; };
		100000000000000000000108 /* CallControlsView.swift */ = {isa = PBXFileReference; lastKnownFileType = sourcecode.swift; path = CallControlsView.swift; sourceTree = "<group>"; };
		100000000000000000000109 /* CallRoomView.swift */ = {isa = PBXFileReference; lastKnownFileType = sourcecode.swift; path = CallRoomView.swift; sourceTree = "<group>"; };
		10000000000000000000010A /* Info.plist */ = {isa = PBXFileReference; lastKnownFileType = text.plist.xml; path = Info.plist; sourceTree = "<group>"; };
		10000000000000000000010B /* Assets.xcassets */ = {isa = PBXFileReference; lastKnownFileType = folder.assetcatalog; path = Assets.xcassets; sourceTree = "<group>"; };
		10000000000000000000010C /* SampleHandler.swift */ = {isa = PBXFileReference; lastKnownFileType = sourcecode.swift; path = SampleHandler.swift; sourceTree = "<group>"; };
		10000000000000000000010D /* REPLAYKIT_SETUP.md */ = {isa = PBXFileReference; lastKnownFileType = net.daringfireball.markdown; path = REPLAYKIT_SETUP.md; sourceTree = "<group>"; };
		10000000000000000000010E /* README.md */ = {isa = PBXFileReference; lastKnownFileType = net.daringfireball.markdown; path = README.md; sourceTree = "<group>"; };
/* End PBXFileReference section */

/* Begin PBXFrameworksBuildPhase section */
		100000000000000000000030 /* Frameworks */ = {
			isa = PBXFrameworksBuildPhase;
			buildActionMask = 2147483647;
			files = (
				10000000000000000000000B /* LiveKit in Frameworks */,
			);
			runOnlyForDeploymentPostprocessing = 0;
		};
/* End PBXFrameworksBuildPhase section */

/* Begin PBXGroup section */
		100000000000000000000040 = {
			isa = PBXGroup;
			children = (
				100000000000000000000041 /* LiveDoomscrollMVP */,
				100000000000000000000047 /* LiveDoomscrollBroadcastExtension */,
				100000000000000000000048 /* docs */,
				100000000000000000000049 /* Products */,
				10000000000000000000010E /* README.md */,
			);
			sourceTree = "<group>";
		};
		100000000000000000000041 /* LiveDoomscrollMVP */ = {
			isa = PBXGroup;
			children = (
				100000000000000000000042 /* App */,
				100000000000000000000043 /* Config */,
				100000000000000000000044 /* LiveKit */,
				100000000000000000000045 /* Call */,
				100000000000000000000046 /* Resources */,
				10000000000000000000010A /* Info.plist */,
			);
			path = LiveDoomscrollMVP;
			sourceTree = "<group>";
		};
		100000000000000000000042 /* App */ = {
			isa = PBXGroup;
			children = (
				100000000000000000000101 /* LiveDoomscrollMVPApp.swift */,
			);
			path = App;
			sourceTree = "<group>";
		};
		100000000000000000000043 /* Config */ = {
			isa = PBXGroup;
			children = (
				100000000000000000000102 /* LiveKitTestConfig.swift */,
			);
			path = Config;
			sourceTree = "<group>";
		};
		100000000000000000000044 /* LiveKit */ = {
			isa = PBXGroup;
			children = (
				100000000000000000000103 /* RoomTokenProvider.swift */,
				100000000000000000000104 /* LiveKitRoomViewModel.swift */,
			);
			path = LiveKit;
			sourceTree = "<group>";
		};
		100000000000000000000045 /* Call */ = {
			isa = PBXGroup;
			children = (
				100000000000000000000109 /* CallRoomView.swift */,
				100000000000000000000105 /* ParticipantVideoView.swift */,
				100000000000000000000106 /* ScreenShareView.swift */,
				100000000000000000000107 /* CameraBubbleView.swift */,
				100000000000000000000108 /* CallControlsView.swift */,
			);
			path = Call;
			sourceTree = "<group>";
		};
		100000000000000000000046 /* Resources */ = {
			isa = PBXGroup;
			children = (
				10000000000000000000010B /* Assets.xcassets */,
			);
			path = Resources;
			sourceTree = "<group>";
		};
		100000000000000000000047 /* LiveDoomscrollBroadcastExtension */ = {
			isa = PBXGroup;
			children = (
				10000000000000000000010C /* SampleHandler.swift */,
			);
			path = LiveDoomscrollBroadcastExtension;
			sourceTree = "<group>";
		};
		100000000000000000000048 /* docs */ = {
			isa = PBXGroup;
			children = (
				10000000000000000000010D /* REPLAYKIT_SETUP.md */,
			);
			path = docs;
			sourceTree = "<group>";
		};
		100000000000000000000049 /* Products */ = {
			isa = PBXGroup;
			children = (
				100000000000000000000020 /* LiveDoomscrollMVP.app */,
			);
			name = Products;
			sourceTree = "<group>";
		};
/* End PBXGroup section */

/* Begin PBXNativeTarget section */
		100000000000000000000050 /* LiveDoomscrollMVP */ = {
			isa = PBXNativeTarget;
			buildConfigurationList = 100000000000000000000203 /* Build configuration list for PBXNativeTarget "LiveDoomscrollMVP" */;
			buildPhases = (
				100000000000000000000060 /* Sources */,
				100000000000000000000030 /* Frameworks */,
				100000000000000000000061 /* Resources */,
			);
			buildRules = (
			);
			dependencies = (
			);
			name = LiveDoomscrollMVP;
			packageProductDependencies = (
				100000000000000000000301 /* LiveKit */,
			);
			productName = LiveDoomscrollMVP;
			productReference = 100000000000000000000020 /* LiveDoomscrollMVP.app */;
			productType = "com.apple.product-type.application";
		};
/* End PBXNativeTarget section */

/* Begin PBXProject section */
		100000000000000000000070 /* Project object */ = {
			isa = PBXProject;
			attributes = {
				BuildIndependentTargetsInParallel = 1;
				LastSwiftUpdateCheck = 2620;
				LastUpgradeCheck = 2620;
				TargetAttributes = {
					100000000000000000000050 = {
						CreatedOnToolsVersion = 26.2;
					};
				};
			};
			buildConfigurationList = 100000000000000000000200 /* Build configuration list for PBXProject "LiveDoomscrollMVP" */;
			developmentRegion = en;
			hasScannedForEncodings = 0;
			knownRegions = (
				en,
				Base,
			);
			mainGroup = 100000000000000000000040;
			minimizedProjectReferenceProxies = 1;
			packageReferences = (
				100000000000000000000300 /* XCRemoteSwiftPackageReference "client-sdk-swift" */,
			);
			preferredProjectObjectVersion = 77;
			productRefGroup = 100000000000000000000049 /* Products */;
			projectDirPath = "";
			projectRoot = "";
			targets = (
				100000000000000000000050 /* LiveDoomscrollMVP */,
			);
		};
/* End PBXProject section */

/* Begin PBXResourcesBuildPhase section */
		100000000000000000000061 /* Resources */ = {
			isa = PBXResourcesBuildPhase;
			buildActionMask = 2147483647;
			files = (
				10000000000000000000000A /* Assets.xcassets in Resources */,
			);
			runOnlyForDeploymentPostprocessing = 0;
		};
/* End PBXResourcesBuildPhase section */

/* Begin PBXSourcesBuildPhase section */
		100000000000000000000060 /* Sources */ = {
			isa = PBXSourcesBuildPhase;
			buildActionMask = 2147483647;
			files = (
				100000000000000000000001 /* LiveDoomscrollMVPApp.swift in Sources */,
				100000000000000000000002 /* LiveKitTestConfig.swift in Sources */,
				100000000000000000000003 /* RoomTokenProvider.swift in Sources */,
				100000000000000000000004 /* LiveKitRoomViewModel.swift in Sources */,
				100000000000000000000005 /* ParticipantVideoView.swift in Sources */,
				100000000000000000000006 /* ScreenShareView.swift in Sources */,
				100000000000000000000007 /* CameraBubbleView.swift in Sources */,
				100000000000000000000008 /* CallControlsView.swift in Sources */,
				100000000000000000000009 /* CallRoomView.swift in Sources */,
			);
			runOnlyForDeploymentPostprocessing = 0;
		};
/* End PBXSourcesBuildPhase section */

/* Begin XCBuildConfiguration section */
		100000000000000000000201 /* Debug */ = {
			isa = XCBuildConfiguration;
			buildSettings = {
				ALWAYS_SEARCH_USER_PATHS = NO;
				CLANG_ANALYZER_NONNULL = YES;
				CLANG_ANALYZER_NUMBER_OBJECT_CONVERSION = YES_AGGRESSIVE;
				CLANG_CXX_LANGUAGE_STANDARD = "gnu++20";
				CLANG_ENABLE_MODULES = YES;
				CLANG_ENABLE_OBJC_ARC = YES;
				CLANG_ENABLE_OBJC_WEAK = YES;
				CLANG_WARN_BLOCK_CAPTURE_AUTORELEASING = YES;
				CLANG_WARN_BOOL_CONVERSION = YES;
				CLANG_WARN_COMMA = YES;
				CLANG_WARN_CONSTANT_CONVERSION = YES;
				CLANG_WARN_DEPRECATED_OBJC_IMPLEMENTATIONS = YES;
				CLANG_WARN_DIRECT_OBJC_ISA_USAGE = YES_ERROR;
				CLANG_WARN_DOCUMENTATION_COMMENTS = YES;
				CLANG_WARN_EMPTY_BODY = YES;
				CLANG_WARN_ENUM_CONVERSION = YES;
				CLANG_WARN_INFINITE_RECURSION = YES;
				CLANG_WARN_INT_CONVERSION = YES;
				CLANG_WARN_NON_LITERAL_NULL_CONVERSION = YES;
				CLANG_WARN_OBJC_IMPLICIT_RETAIN_SELF = YES;
				CLANG_WARN_OBJC_LITERAL_CONVERSION = YES;
				CLANG_WARN_OBJC_ROOT_CLASS = YES_ERROR;
				CLANG_WARN_QUOTED_INCLUDE_IN_FRAMEWORK_HEADER = YES;
				CLANG_WARN_RANGE_LOOP_ANALYSIS = YES;
				CLANG_WARN_STRICT_PROTOTYPES = YES;
				CLANG_WARN_SUSPICIOUS_MOVE = YES;
				CLANG_WARN_UNGUARDED_AVAILABILITY = YES_AGGRESSIVE;
				CLANG_WARN_UNREACHABLE_CODE = YES;
				CLANG_WARN__DUPLICATE_METHOD_MATCH = YES;
				COPY_PHASE_STRIP = NO;
				DEBUG_INFORMATION_FORMAT = dwarf;
				ENABLE_STRICT_OBJC_MSGSEND = YES;
				ENABLE_TESTABILITY = YES;
				ENABLE_USER_SCRIPT_SANDBOXING = YES;
				GCC_C_LANGUAGE_STANDARD = gnu17;
				GCC_DYNAMIC_NO_PIC = NO;
				GCC_NO_COMMON_BLOCKS = YES;
				GCC_OPTIMIZATION_LEVEL = 0;
				GCC_PREPROCESSOR_DEFINITIONS = (
					"DEBUG=1",
					"$(inherited)",
				);
				GCC_WARN_64_TO_32_BIT_CONVERSION = YES;
				GCC_WARN_ABOUT_RETURN_TYPE = YES_ERROR;
				GCC_WARN_UNDECLARED_SELECTOR = YES;
				GCC_WARN_UNINITIALIZED_AUTOS = YES_AGGRESSIVE;
				GCC_WARN_UNUSED_FUNCTION = YES;
				GCC_WARN_UNUSED_VARIABLE = YES;
				IPHONEOS_DEPLOYMENT_TARGET = 17.0;
				MTL_ENABLE_DEBUG_INFO = INCLUDE_SOURCE;
				MTL_FAST_MATH = YES;
				ONLY_ACTIVE_ARCH = YES;
				SDKROOT = iphoneos;
				SWIFT_ACTIVE_COMPILATION_CONDITIONS = "DEBUG $(inherited)";
				SWIFT_OPTIMIZATION_LEVEL = "-Onone";
			};
			name = Debug;
		};
		100000000000000000000202 /* Release */ = {
			isa = XCBuildConfiguration;
			buildSettings = {
				ALWAYS_SEARCH_USER_PATHS = NO;
				CLANG_ANALYZER_NONNULL = YES;
				CLANG_ANALYZER_NUMBER_OBJECT_CONVERSION = YES_AGGRESSIVE;
				CLANG_CXX_LANGUAGE_STANDARD = "gnu++20";
				CLANG_ENABLE_MODULES = YES;
				CLANG_ENABLE_OBJC_ARC = YES;
				CLANG_ENABLE_OBJC_WEAK = YES;
				CLANG_WARN_BLOCK_CAPTURE_AUTORELEASING = YES;
				CLANG_WARN_BOOL_CONVERSION = YES;
				CLANG_WARN_COMMA = YES;
				CLANG_WARN_CONSTANT_CONVERSION = YES;
				CLANG_WARN_DEPRECATED_OBJC_IMPLEMENTATIONS = YES;
				CLANG_WARN_DIRECT_OBJC_ISA_USAGE = YES_ERROR;
				CLANG_WARN_DOCUMENTATION_COMMENTS = YES;
				CLANG_WARN_EMPTY_BODY = YES;
				CLANG_WARN_ENUM_CONVERSION = YES;
				CLANG_WARN_INFINITE_RECURSION = YES;
				CLANG_WARN_INT_CONVERSION = YES;
				CLANG_WARN_NON_LITERAL_NULL_CONVERSION = YES;
				CLANG_WARN_OBJC_IMPLICIT_RETAIN_SELF = YES;
				CLANG_WARN_OBJC_LITERAL_CONVERSION = YES;
				CLANG_WARN_OBJC_ROOT_CLASS = YES_ERROR;
				CLANG_WARN_QUOTED_INCLUDE_IN_FRAMEWORK_HEADER = YES;
				CLANG_WARN_RANGE_LOOP_ANALYSIS = YES;
				CLANG_WARN_STRICT_PROTOTYPES = YES;
				CLANG_WARN_SUSPICIOUS_MOVE = YES;
				CLANG_WARN_UNGUARDED_AVAILABILITY = YES_AGGRESSIVE;
				CLANG_WARN_UNREACHABLE_CODE = YES;
				CLANG_WARN__DUPLICATE_METHOD_MATCH = YES;
				COPY_PHASE_STRIP = NO;
				DEBUG_INFORMATION_FORMAT = "dwarf-with-dsym";
				ENABLE_NS_ASSERTIONS = NO;
				ENABLE_STRICT_OBJC_MSGSEND = YES;
				ENABLE_USER_SCRIPT_SANDBOXING = YES;
				GCC_C_LANGUAGE_STANDARD = gnu17;
				GCC_NO_COMMON_BLOCKS = YES;
				GCC_WARN_64_TO_32_BIT_CONVERSION = YES;
				GCC_WARN_ABOUT_RETURN_TYPE = YES_ERROR;
				GCC_WARN_UNDECLARED_SELECTOR = YES;
				GCC_WARN_UNINITIALIZED_AUTOS = YES_AGGRESSIVE;
				GCC_WARN_UNUSED_FUNCTION = YES;
				GCC_WARN_UNUSED_VARIABLE = YES;
				IPHONEOS_DEPLOYMENT_TARGET = 17.0;
				MTL_ENABLE_DEBUG_INFO = NO;
				MTL_FAST_MATH = YES;
				SDKROOT = iphoneos;
				SWIFT_COMPILATION_MODE = wholemodule;
				VALIDATE_PRODUCT = YES;
			};
			name = Release;
		};
		100000000000000000000204 /* Debug */ = {
			isa = XCBuildConfiguration;
			buildSettings = {
				ASSETCATALOG_COMPILER_APPICON_NAME = AppIcon;
				CODE_SIGN_STYLE = Automatic;
				CURRENT_PROJECT_VERSION = 1;
				DEVELOPMENT_ASSET_PATHS = "";
				DEVELOPMENT_TEAM = "";
				ENABLE_PREVIEWS = YES;
				GENERATE_INFOPLIST_FILE = NO;
				INFOPLIST_FILE = LiveDoomscrollMVP/Info.plist;
				INFOPLIST_KEY_UIApplicationSupportsIndirectInputEvents = YES;
				LD_RUNPATH_SEARCH_PATHS = (
					"$(inherited)",
					"@executable_path/Frameworks",
				);
				MARKETING_VERSION = 1.0;
				CODE_SIGN_ENTITLEMENTS = LiveDoomscrollMVP/LiveDoomscrollMVP.entitlements;
				PRODUCT_BUNDLE_IDENTIFIER = com.riskcreatives.sidescroll;
				PRODUCT_NAME = "$(TARGET_NAME)";
				SIDESCROLL_BACKEND_URL = "http://pqiqkehqtiwtl8dqbt90usbn.5.223.92.119.sslip.io";
				SWIFT_EMIT_LOC_STRINGS = YES;
				SWIFT_VERSION = 5.0;
				TARGETED_DEVICE_FAMILY = 1;
			};
			name = Debug;
		};
		100000000000000000000205 /* Release */ = {
			isa = XCBuildConfiguration;
			buildSettings = {
				ASSETCATALOG_COMPILER_APPICON_NAME = AppIcon;
				CODE_SIGN_STYLE = Automatic;
				CURRENT_PROJECT_VERSION = 1;
				DEVELOPMENT_ASSET_PATHS = "";
				DEVELOPMENT_TEAM = "";
				ENABLE_PREVIEWS = YES;
				GENERATE_INFOPLIST_FILE = NO;
				INFOPLIST_FILE = LiveDoomscrollMVP/Info.plist;
				INFOPLIST_KEY_UIApplicationSupportsIndirectInputEvents = YES;
				LD_RUNPATH_SEARCH_PATHS = (
					"$(inherited)",
					"@executable_path/Frameworks",
				);
				MARKETING_VERSION = 1.0;
				CODE_SIGN_ENTITLEMENTS = LiveDoomscrollMVP/LiveDoomscrollMVP.entitlements;
				PRODUCT_BUNDLE_IDENTIFIER = com.riskcreatives.sidescroll;
				PRODUCT_NAME = "$(TARGET_NAME)";
				SIDESCROLL_BACKEND_URL = "http://pqiqkehqtiwtl8dqbt90usbn.5.223.92.119.sslip.io";
				SWIFT_EMIT_LOC_STRINGS = YES;
				SWIFT_VERSION = 5.0;
				TARGETED_DEVICE_FAMILY = 1;
			};
			name = Release;
		};
/* End XCBuildConfiguration section */

/* Begin XCConfigurationList section */
		100000000000000000000200 /* Build configuration list for PBXProject "LiveDoomscrollMVP" */ = {
			isa = XCConfigurationList;
			buildConfigurations = (
				100000000000000000000201 /* Debug */,
				100000000000000000000202 /* Release */,
			);
			defaultConfigurationIsVisible = 0;
			defaultConfigurationName = Release;
		};
		100000000000000000000203 /* Build configuration list for PBXNativeTarget "LiveDoomscrollMVP" */ = {
			isa = XCConfigurationList;
			buildConfigurations = (
				100000000000000000000204 /* Debug */,
				100000000000000000000205 /* Release */,
			);
			defaultConfigurationIsVisible = 0;
			defaultConfigurationName = Release;
		};
/* End XCConfigurationList section */

/* Begin XCRemoteSwiftPackageReference section */
		100000000000000000000300 /* XCRemoteSwiftPackageReference "client-sdk-swift" */ = {
			isa = XCRemoteSwiftPackageReference;
			repositoryURL = "https://github.com/livekit/client-sdk-swift.git";
			requirement = {
				kind = upToNextMajorVersion;
				minimumVersion = 2.13.0;
			};
		};
/* End XCRemoteSwiftPackageReference section */

/* Begin XCSwiftPackageProductDependency section */
		100000000000000000000301 /* LiveKit */ = {
			isa = XCSwiftPackageProductDependency;
			package = 100000000000000000000300 /* XCRemoteSwiftPackageReference "client-sdk-swift" */;
			productName = LiveKit;
		};
/* End XCSwiftPackageProductDependency section */
	};
	rootObject = 100000000000000000000070 /* Project object */;
}
